
Microsoft Visual Studio Solution File, Format Version 12.00
# Visual Studio 15
VisualStudioVersion = 15.0.28010.2048
MinimumVisualStudioVersion = 10.0.40219.1
Project("{FAE04EC0-301F-11D3-BF4B-00C04F79EFBC}") = "PubSubEngine", "PubSubEngine\PubSubEngine.csproj", "{16DBC030-D9A6-44FB-86CC-1390915A8FF6}"
EndProject
Global
	GlobalSection(SolutionConfigurationPlatforms) = preSolution
		Debug|Any CPU = Debug|Any CPU
		Release|Any CPU = Release|Any CPU
	EndGlobalSection
	GlobalSection(ProjectConfigurationPlatforms) = postSolution
		{16DBC030-D9A6-44FB-86CC-1390915A8FF6}.Debug|Any CPU.ActiveCfg = Debug|Any CPU
		{16DBC030-D9A6-44FB-86CC-1390915A8FF6}.Debug|Any CPU.Build.0 = Debug|Any CPU
		{16DBC030-D9A6-44FB-86CC-1390915A8FF6}.Release|Any CPU.ActiveCfg = Release|Any CPU
		{16DBC030-D9A6-44FB-86CC-1390915A8FF6}.Release|Any CPU.Build.0 = Release|Any CPU
	EndGlobalSection
	GlobalSection(SolutionProperties) = preSolution
		HideSolutionNode = FALSE
	EndGlobalSection
	GlobalSection(ExtensibilityGlobals) = postSolution
		SolutionGuid = {D344435D-F7BE-4B16-A5B4-2345A6281F95}
	EndGlobalSection
EndGlobal
